
Microsoft Visual Studio Solution File, Format Version 12.00
# Visual Studio Version 17
VisualStudioVersion = 17.14.36623.8 d17.14
MinimumVisualStudioVersion = 10.0.40219.1
Project("{FAE04EC0-301F-11D3-BF4B-00C04F79EFBC}") = "AudioAmplifierMockup", "AudioAmplifierMockup\AudioAmplifierMockup.csproj", "{DB24B15D-BB60-4E1D-B65A-45143D70B0FF}"
EndProject
Global
	GlobalSection(SolutionConfigurationPlatforms) = preSolution
		Debug|Any CPU = Debug|Any CPU
		Release|Any CPU = Release|Any CPU
	EndGlobalSection
	GlobalSection(ProjectConfigurationPlatforms) = postSolution
		{DB24B15D-BB60-4E1D-B65A-45143D70B0FF}.Debug|Any CPU.ActiveCfg = Debug|Any CPU
		{DB24B15D-BB60-4E1D-B65A-45143D70B0FF}.Debug|Any CPU.Build.0 = Debug|Any CPU
		{DB24B15D-BB60-4E1D-B65A-45143D70B0FF}.Release|Any CPU.ActiveCfg = Release|Any CPU
		{DB24B15D-BB60-4E1D-B65A-45143D70B0FF}.Release|Any CPU.Build.0 = Release|Any CPU
	EndGlobalSection
	GlobalSection(SolutionProperties) = preSolution
		HideSolutionNode = FALSE
	EndGlobalSection
	GlobalSection(ExtensibilityGlobals) = postSolution
		SolutionGuid = {383A8A31-5B1F-4E62-A2B5-C7F7C0645AA0}
	EndGlobalSection
EndGlobal
