
Microsoft Visual Studio Solution File, Format Version 12.00
# Visual Studio Version 17
VisualStudioVersion = 17.14.37027.9 d17.14
MinimumVisualStudioVersion = 10.0.40219.1
Project("{FAE04EC0-301F-11D3-BF4B-00C04F79EFBC}") = "WEATHER-CLOCK", "WEATHER-CLOCK.csproj", "{6EA9BC9D-8F09-4A8F-84EE-FE9DC865523A}"
EndProject
Global
	GlobalSection(SolutionConfigurationPlatforms) = preSolution
		Debug|Any CPU = Debug|Any CPU
		Release|Any CPU = Release|Any CPU
	EndGlobalSection
	GlobalSection(ProjectConfigurationPlatforms) = postSolution
		{6EA9BC9D-8F09-4A8F-84EE-FE9DC865523A}.Debug|Any CPU.ActiveCfg = Debug|Any CPU
		{6EA9BC9D-8F09-4A8F-84EE-FE9DC865523A}.Debug|Any CPU.Build.0 = Debug|Any CPU
		{6EA9BC9D-8F09-4A8F-84EE-FE9DC865523A}.Release|Any CPU.ActiveCfg = Release|Any CPU
		{6EA9BC9D-8F09-4A8F-84EE-FE9DC865523A}.Release|Any CPU.Build.0 = Release|Any CPU
	EndGlobalSection
	GlobalSection(SolutionProperties) = preSolution
		HideSolutionNode = FALSE
	EndGlobalSection
	GlobalSection(ExtensibilityGlobals) = postSolution
		SolutionGuid = {DE979E6C-8DC6-41D9-A8EB-37FBCBDAC4BC}
	EndGlobalSection
EndGlobal
